
Microsoft Visual Studio Solution File, Format Version 12.00
# Visual Studio Version 17
VisualStudioVersion = 17.10.35004.147
MinimumVisualStudioVersion = 10.0.40219.1
Project("{FAE04EC0-301F-11D3-BF4B-00C04F79EFBC}") = "POM", "POM\POM.csproj", "{128B4B40-6BAB-4F33-98C3-45F6F555FFA9}"
EndProject
Project("{FAE04EC0-301F-11D3-BF4B-00C04F79EFBC}") = "TEST", "TEST\TEST.csproj", "{D6AC5512-32C7-47FE-B3C4-3DF430C0AF17}"
EndProject
Global
	GlobalSection(SolutionConfigurationPlatforms) = preSolution
		Debug|Any CPU = Debug|Any CPU
		Release|Any CPU = Release|Any CPU
	EndGlobalSection
	GlobalSection(ProjectConfigurationPlatforms) = postSolution
		{128B4B40-6BAB-4F33-98C3-45F6F555FFA9}.Debug|Any CPU.ActiveCfg = Debug|Any CPU
		{128B4B40-6BAB-4F33-98C3-45F6F555FFA9}.Debug|Any CPU.Build.0 = Debug|Any CPU
		{128B4B40-6BAB-4F33-98C3-45F6F555FFA9}.Release|Any CPU.ActiveCfg = Release|Any CPU
		{128B4B40-6BAB-4F33-98C3-45F6F555FFA9}.Release|Any CPU.Build.0 = Release|Any CPU
		{D6AC5512-32C7-47FE-B3C4-3DF430C0AF17}.Debug|Any CPU.ActiveCfg = Debug|Any CPU
		{D6AC5512-32C7-47FE-B3C4-3DF430C0AF17}.Debug|Any CPU.Build.0 = Debug|Any CPU
		{D6AC5512-32C7-47FE-B3C4-3DF430C0AF17}.Release|Any CPU.ActiveCfg = Release|Any CPU
		{D6AC5512-32C7-47FE-B3C4-3DF430C0AF17}.Release|Any CPU.Build.0 = Release|Any CPU
	EndGlobalSection
	GlobalSection(SolutionProperties) = preSolution
		HideSolutionNode = FALSE
	EndGlobalSection
	GlobalSection(ExtensibilityGlobals) = postSolution
		SolutionGuid = {514BFDD8-12FF-4942-B221-34978EA5895A}
	EndGlobalSection
EndGlobal
